
Microsoft Visual Studio Solution File, Format Version 12.00
# Visual Studio 2012
Project("{FAE04EC0-301F-11D3-BF4B-00C04F79EFBC}") = "MarioBros", "MarioBros\MarioBros\MarioBros.csproj", "{1A705659-C21D-460C-A5E8-AA1BDAEA0827}"
EndProject
Project("{96E2B04D-8817-42C6-938A-82C39BA4D311}") = "MarioBrosContent", "MarioBros\MarioBrosContent\MarioBrosContent.contentproj", "{3221EB60-2CC6-4789-8743-4CE8463B8769}"
EndProject
Global
	GlobalSection(SolutionConfigurationPlatforms) = preSolution
		Debug|Windows Phone = Debug|Windows Phone
		Release|Windows Phone = Release|Windows Phone
	EndGlobalSection
	GlobalSection(ProjectConfigurationPlatforms) = postSolution
		{1A705659-C21D-460C-A5E8-AA1BDAEA0827}.Debug|Windows Phone.ActiveCfg = Debug|Windows Phone
		{1A705659-C21D-460C-A5E8-AA1BDAEA0827}.Debug|Windows Phone.Build.0 = Debug|Windows Phone
		{1A705659-C21D-460C-A5E8-AA1BDAEA0827}.Debug|Windows Phone.Deploy.0 = Debug|Windows Phone
		{1A705659-C21D-460C-A5E8-AA1BDAEA0827}.Release|Windows Phone.ActiveCfg = Release|Windows Phone
		{1A705659-C21D-460C-A5E8-AA1BDAEA0827}.Release|Windows Phone.Build.0 = Release|Windows Phone
		{1A705659-C21D-460C-A5E8-AA1BDAEA0827}.Release|Windows Phone.Deploy.0 = Release|Windows Phone
		{3221EB60-2CC6-4789-8743-4CE8463B8769}.Debug|Windows Phone.ActiveCfg = Debug|Windows Phone
		{3221EB60-2CC6-4789-8743-4CE8463B8769}.Release|Windows Phone.ActiveCfg = Release|Windows Phone
	EndGlobalSection
	GlobalSection(SolutionProperties) = preSolution
		HideSolutionNode = FALSE
	EndGlobalSection
EndGlobal
